
Microsoft Visual Studio Solution File, Format Version 12.00
# Visual Studio Version 17
VisualStudioVersion = 17.13.35919.96 d17.13
MinimumVisualStudioVersion = 10.0.40219.1
Project("{FAE04EC0-301F-11D3-BF4B-00C04F79EFBC}") = "WebApplication1", "WebApplication1.csproj", "{C8DD9230-EE9C-4C6C-AFB2-11F719E03D7B}"
EndProject
Global
	GlobalSection(SolutionConfigurationPlatforms) = preSolution
		Debug|Any CPU = Debug|Any CPU
		Release|Any CPU = Release|Any CPU
	EndGlobalSection
	GlobalSection(ProjectConfigurationPlatforms) = postSolution
		{C8DD9230-EE9C-4C6C-AFB2-11F719E03D7B}.Debug|Any CPU.ActiveCfg = Debug|Any CPU
		{C8DD9230-EE9C-4C6C-AFB2-11F719E03D7B}.Debug|Any CPU.Build.0 = Debug|Any CPU
		{C8DD9230-EE9C-4C6C-AFB2-11F719E03D7B}.Release|Any CPU.ActiveCfg = Release|Any CPU
		{C8DD9230-EE9C-4C6C-AFB2-11F719E03D7B}.Release|Any CPU.Build.0 = Release|Any CPU
	EndGlobalSection
	GlobalSection(SolutionProperties) = preSolution
		HideSolutionNode = FALSE
	EndGlobalSection
	GlobalSection(ExtensibilityGlobals) = postSolution
		SolutionGuid = {585B8551-72EE-4FEF-ABA6-7E0E48398871}
	EndGlobalSection
EndGlobal
